PODS:
  - app_links (7.0.0):
    - Flutter
  - audioplayers_darwin (0.0.1):
    - Flutter
    - FlutterMacOS
  - Firebase/CoreOnly (12.12.0):
    - FirebaseCore (~> 12.12.0)
  - Firebase/Messaging (12.12.0):
    - Firebase/CoreOnly
    - FirebaseMessaging (~> 12.12.0)
  - firebase_core (4.7.0):
    - Firebase/CoreOnly (= 12.12.0)
    - Flutter
  - firebase_messaging (16.2.0):
    - Firebase/Messaging (= 12.12.0)
    - firebase_core
    - Flutter
  - FirebaseCore (12.12.1):
    - FirebaseCoreInternal (~> 12.12.0)
    - GoogleUtilities/Environment (~> 8.1)
    - GoogleUtilities/Logger (~> 8.1)
  - FirebaseCoreInternal (12.12.0):
    - "GoogleUtilities/NSData+zlib (~> 8.1)"
  - FirebaseInstallations (12.12.0):
    - FirebaseCore (~> 12.12.0)
    - GoogleUtilities/Environment (~> 8.1)
    - GoogleUtilities/UserDefaults (~> 8.1)
    - PromisesObjC (~> 2.4)
  - FirebaseMessaging (12.12.0):
    - FirebaseCore (~> 12.12.0)
    - FirebaseInstallations (~> 12.12.0)
    - GoogleDataTransport (~> 10.1)
    - GoogleUtilities/AppDelegateSwizzler (~> 8.1)
    - GoogleUtilities/Environment (~> 8.1)
    - GoogleUtilities/Reachability (~> 8.1)
    - GoogleUtilities/UserDefaults (~> 8.1)
    - nanopb (~> 3.30910.0)
  - Flutter (1.0.0)
  - flutter_local_notifications (0.0.1):
    - Flutter
  - flutter_native_splash (2.4.3):
    - Flutter
  - flutter_radar (3.12.4):
    - Flutter
    - RadarSDK (= 3.19.5)
  - geocoding_ios (1.0.5):
    - Flutter
  - geolocator_apple (1.2.0):
    - Flutter
    - FlutterMacOS
  - Google-Maps-iOS-Utils (6.1.0):
    - GoogleMaps (~> 9.0)
  - google_maps_flutter_ios (0.0.1):
    - Flutter
    - Google-Maps-iOS-Utils (< 7.0, >= 5.0)
    - GoogleMaps (< 11.0, >= 8.4)
  - GoogleDataTransport (10.1.0):
    - nanopb (~> 3.30910.0)
    - PromisesObjC (~> 2.4)
  - GoogleMaps (9.4.0):
    - GoogleMaps/Maps (= 9.4.0)
  - GoogleMaps/Maps (9.4.0)
  - GoogleUtilities/AppDelegateSwizzler (8.1.0):
    - GoogleUtilities/Environment
    - GoogleUtilities/Logger
    - GoogleUtilities/Network
    - GoogleUtilities/Privacy
  - GoogleUtilities/Environment (8.1.0):
    - GoogleUtilities/Privacy
  - GoogleUtilities/Logger (8.1.0):
    - GoogleUtilities/Environment
    - GoogleUtilities/Privacy
  - GoogleUtilities/Network (8.1.0):
    - GoogleUtilities/Logger
    - "GoogleUtilities/NSData+zlib"
    - GoogleUtilities/Privacy
    - GoogleUtilities/Reachability
  - "GoogleUtilities/NSData+zlib (8.1.0)":
    - GoogleUtilities/Privacy
  - GoogleUtilities/Privacy (8.1.0)
  - GoogleUtilities/Reachability (8.1.0):
    - GoogleUtilities/Logger
    - GoogleUtilities/Privacy
  - GoogleUtilities/UserDefaults (8.1.0):
    - GoogleUtilities/Logger
    - GoogleUtilities/Privacy
  - image_picker_ios (0.0.1):
    - Flutter
  - nanopb (3.30910.0):
    - nanopb/decode (= 3.30910.0)
    - nanopb/encode (= 3.30910.0)
  - nanopb/decode (3.30910.0)
  - nanopb/encode (3.30910.0)
  - permission_handler_apple (9.3.0):
    - Flutter
  - PostHog (3.58.1)
  - posthog_flutter (0.0.1):
    - Flutter
    - FlutterMacOS
    - PostHog (~> 3.22)
  - PromisesObjC (2.4.0)
  - RadarSDK (3.19.5)
  - share_plus (0.0.1):
    - Flutter
  - shared_preferences_foundation (0.0.1):
    - Flutter
    - FlutterMacOS
  - sqflite_darwin (0.0.4):
    - Flutter
    - FlutterMacOS
  - Stripe (25.9.0):
    - StripeApplePay (= 25.9.0)
    - StripeCore (= 25.9.0)
    - StripeIssuing (= 25.9.0)
    - StripePayments (= 25.9.0)
    - StripePaymentsUI (= 25.9.0)
    - StripeUICore (= 25.9.0)
  - stripe_ios (0.0.1):
    - Flutter
    - Stripe (~> 25.9.0)
    - stripe_ios/stripe_ios (= 0.0.1)
    - stripe_ios/stripe_objc (= 0.0.1)
    - StripeApplePay (~> 25.9.0)
    - StripeFinancialConnections (~> 25.9.0)
    - StripePayments (~> 25.9.0)
    - StripePaymentSheet (~> 25.9.0)
    - StripePaymentsUI (~> 25.9.0)
  - stripe_ios/stripe_ios (0.0.1):
    - Flutter
    - Stripe (~> 25.9.0)
    - stripe_ios/stripe_objc
    - StripeApplePay (~> 25.9.0)
    - StripeFinancialConnections (~> 25.9.0)
    - StripePayments (~> 25.9.0)
    - StripePaymentSheet (~> 25.9.0)
    - StripePaymentsUI (~> 25.9.0)
  - stripe_ios/stripe_objc (0.0.1):
    - Flutter
    - Stripe (~> 25.9.0)
    - StripeApplePay (~> 25.9.0)
    - StripeFinancialConnections (~> 25.9.0)
    - StripePayments (~> 25.9.0)
    - StripePaymentSheet (~> 25.9.0)
    - StripePaymentsUI (~> 25.9.0)
  - StripeApplePay (25.9.0):
    - StripeCore (= 25.9.0)
  - StripeCore (25.9.0)
  - StripeFinancialConnections (25.9.0):
    - StripeCore (= 25.9.0)
    - StripeUICore (= 25.9.0)
  - StripeIssuing (25.9.0):
    - StripeCore (= 25.9.0)
    - StripePayments (= 25.9.0)
    - StripePaymentsUI (= 25.9.0)
  - StripePayments (25.9.0):
    - StripeCore (= 25.9.0)
    - StripePayments/Stripe3DS2 (= 25.9.0)
  - StripePayments/Stripe3DS2 (25.9.0):
    - StripeCore (= 25.9.0)
  - StripePaymentSheet (25.9.0):
    - StripeApplePay (= 25.9.0)
    - StripeCore (= 25.9.0)
    - StripePayments (= 25.9.0)
    - StripePaymentsUI (= 25.9.0)
  - StripePaymentsUI (25.9.0):
    - StripeCore (= 25.9.0)
    - StripePayments (= 25.9.0)
    - StripeUICore (= 25.9.0)
  - StripeUICore (25.9.0):
    - StripeCore (= 25.9.0)
  - url_launcher_ios (0.0.1):
    - Flutter

DEPENDENCIES:
  - app_links (from `.symlinks/plugins/app_links/ios`)
  - audioplayers_darwin (from `.symlinks/plugins/audioplayers_darwin/darwin`)
  - firebase_core (from `.symlinks/plugins/firebase_core/ios`)
  - firebase_messaging (from `.symlinks/plugins/firebase_messaging/ios`)
  - Flutter (from `Flutter`)
  - flutter_local_notifications (from `.symlinks/plugins/flutter_local_notifications/ios`)
  - flutter_native_splash (from `.symlinks/plugins/flutter_native_splash/ios`)
  - flutter_radar (from `.symlinks/plugins/flutter_radar/ios`)
  - geocoding_ios (from `.symlinks/plugins/geocoding_ios/ios`)
  - geolocator_apple (from `.symlinks/plugins/geolocator_apple/darwin`)
  - google_maps_flutter_ios (from `.symlinks/plugins/google_maps_flutter_ios/ios`)
  - image_picker_ios (from `.symlinks/plugins/image_picker_ios/ios`)
  - permission_handler_apple (from `.symlinks/plugins/permission_handler_apple/ios`)
  - posthog_flutter (from `.symlinks/plugins/posthog_flutter/ios`)
  - share_plus (from `.symlinks/plugins/share_plus/ios`)
  - shared_preferences_foundation (from `.symlinks/plugins/shared_preferences_foundation/darwin`)
  - sqflite_darwin (from `.symlinks/plugins/sqflite_darwin/darwin`)
  - stripe_ios (from `.symlinks/plugins/stripe_ios/ios`)
  - url_launcher_ios (from `.symlinks/plugins/url_launcher_ios/ios`)

SPEC REPOS:
  trunk:
    - Firebase
    - FirebaseCore
    - FirebaseCoreInternal
    - FirebaseInstallations
    - FirebaseMessaging
    - Google-Maps-iOS-Utils
    - GoogleDataTransport
    - GoogleMaps
    - GoogleUtilities
    - nanopb
    - PostHog
    - PromisesObjC
    - RadarSDK
    - Stripe
    - StripeApplePay
    - StripeCore
    - StripeFinancialConnections
    - StripeIssuing
    - StripePayments
    - StripePaymentSheet
    - StripePaymentsUI
    - StripeUICore

EXTERNAL SOURCES:
  app_links:
    :path: ".symlinks/plugins/app_links/ios"
  audioplayers_darwin:
    :path: ".symlinks/plugins/audioplayers_darwin/darwin"
  firebase_core:
    :path: ".symlinks/plugins/firebase_core/ios"
  firebase_messaging:
    :path: ".symlinks/plugins/firebase_messaging/ios"
  Flutter:
    :path: Flutter
  flutter_local_notifications:
    :path: ".symlinks/plugins/flutter_local_notifications/ios"
  flutter_native_splash:
    :path: ".symlinks/plugins/flutter_native_splash/ios"
  flutter_radar:
    :path: ".symlinks/plugins/flutter_radar/ios"
  geocoding_ios:
    :path: ".symlinks/plugins/geocoding_ios/ios"
  geolocator_apple:
    :path: ".symlinks/plugins/geolocator_apple/darwin"
  google_maps_flutter_ios:
    :path: ".symlinks/plugins/google_maps_flutter_ios/ios"
  image_picker_ios:
    :path: ".symlinks/plugins/image_picker_ios/ios"
  permission_handler_apple:
    :path: ".symlinks/plugins/permission_handler_apple/ios"
  posthog_flutter:
    :path: ".symlinks/plugins/posthog_flutter/ios"
  share_plus:
    :path: ".symlinks/plugins/share_plus/ios"
  shared_preferences_foundation:
    :path: ".symlinks/plugins/shared_preferences_foundation/darwin"
  sqflite_darwin:
    :path: ".symlinks/plugins/sqflite_darwin/darwin"
  stripe_ios:
    :path: ".symlinks/plugins/stripe_ios/ios"
  url_launcher_ios:
    :path: ".symlinks/plugins/url_launcher_ios/ios"

SPEC CHECKSUMS:
  app_links: a754cbec3c255bd4bbb4d236ecc06f28cd9a7ce8
  audioplayers_darwin: 835ced6edd4c9fc8ebb0a7cc9e294a91d99917d5
  Firebase: aa154fee4e9b8eac17aa42344988865b3e857d33
  firebase_core: 9156a152117c843440b0b990c785aa0259bc5447
  firebase_messaging: 0d962ab44ff24ed36deb8fa2ee043c4671858269
  FirebaseCore: 86241206e656f5c80c995e370e6c975913b9b284
  FirebaseCoreInternal: 7c12fc3011d889085e765e317d7b9fd1cef97af9
  FirebaseInstallations: 4e6e162aa4abaaeeeb01dd00179dfc5ad9c2194e
  FirebaseMessaging: 341004946fa7ffc741344b20f1b667514fc93e31
  Flutter: cabc95a1d2626b1b06e7179b784ebcf0c0cde467
  flutter_local_notifications: 395056b3175ba4f08480a7c5de30cd36d69827e4
  flutter_native_splash: 6cad9122ea0fad137d23137dd14b937f3e90b145
  flutter_radar: a579acccb812267ec8d818bca26fad3a0f255850
  geocoding_ios: 86f1c479822f07a2f79f7094f2b753d1e9e20215
  geolocator_apple: ab36aa0e8b7d7a2d7639b3b4e48308394e8cef5e
  Google-Maps-iOS-Utils: 0a484b05ed21d88c9f9ebbacb007956edd508a96
  google_maps_flutter_ios: 17552876e72723da1d41accc22f03b5f7afbde69
  GoogleDataTransport: aae35b7ea0c09004c3797d53c8c41f66f219d6a7
  GoogleMaps: 0608099d4870cac8754bdba9b6953db543432438
  GoogleUtilities: 00c88b9a86066ef77f0da2fab05f65d7768ed8e1
  image_picker_ios: e0ece4aa2a75771a7de3fa735d26d90817041326
  nanopb: fad817b59e0457d11a5dfbde799381cd727c1275
  permission_handler_apple: 4ed2196e43d0651e8ff7ca3483a069d469701f2d
  PostHog: 162c013c6a8e442382f6804076bf3ad072c8778a
  posthog_flutter: 631ab870f7daf1ed190deeb2414eb3e347445f37
  PromisesObjC: f5707f49cb48b9636751c5b2e7d227e43fba9f47
  RadarSDK: d14bd7ca516ad54ce5b13e43df88313d8de915d1
  share_plus: 50da8cb520a8f0f65671c6c6a99b3617ed10a58a
  shared_preferences_foundation: 7036424c3d8ec98dfe75ff1667cb0cd531ec82bb
  sqflite_darwin: 20b2a3a3b70e43edae938624ce550a3cbf66a3d0
  Stripe: 604acd978f3ec2921098f477ccaa229e12690373
  stripe_ios: 1f895b7e517569a02c732967c48042d941e7352e
  StripeApplePay: 9dabe2d3d897419a7a7663dc3338ff4bc51b9f54
  StripeCore: 87c7dc5c110c1fd6b3de3ecdbc4df54c0ed5968a
  StripeFinancialConnections: 2ef6995c4b5e4dc4007388c248446d47d13f1799
  StripeIssuing: 89b08263d6bc0d881fab731f7336ecf664f93fa2
  StripePayments: d2d00182defa4880b355020d6528a014cbd43170
  StripePaymentSheet: 0fc945d26c9884ad5781d6c636e1b8adedf9a886
  StripePaymentsUI: e2f00f9be6fea280d6188b805fdb5199a96e1151
  StripeUICore: bfe8754c2d78eeb0fc4ce147316a7e5129b58423
  url_launcher_ios: 7a95fa5b60cc718a708b8f2966718e93db0cef1b

PODFILE CHECKSUM: ff9ae414ffbc80ad6f9d2058e299051a15f6eca7

COCOAPODS: 1.16.2
